
Microsoft Visual Studio Solution File, Format Version 12.00
# Visual Studio Version 17
VisualStudioVersion = 17.12.35527.113
MinimumVisualStudioVersion = 10.0.40219.1
Project("{2150E333-8FDC-42A3-9474-1A3956D46DE8}") = "ShoppingCart", "ShoppingCart", "{289EAF41-9CF7-4A64-99A7-EC2B1948B69D}"
EndProject
Project("{2150E333-8FDC-42A3-9474-1A3956D46DE8}") = "Core", "Core", "{86A8F100-B03F-4763-BD7F-EF983CD7D34A}"
EndProject
Project("{FAE04EC0-301F-11D3-BF4B-00C04F79EFBC}") = "Domain", "ShoppingCartRestAPI\Domain\Domain.csproj", "{715AF26A-AE53-40B9-9862-7137ABF58E2C}"
EndProject
Project("{FAE04EC0-301F-11D3-BF4B-00C04F79EFBC}") = "Application", "ShoppingCartRestAPI\Application\Application.csproj", "{B442B305-0014-44E1-BB75-F13787DC1281}"
EndProject
Project("{2150E333-8FDC-42A3-9474-1A3956D46DE8}") = "Infrastructure", "Infrastructure", "{596A2A7E-2571-450E-B243-2A523E252639}"
EndProject
Project("{FAE04EC0-301F-11D3-BF4B-00C04F79EFBC}") = "Persistence", "ShoppingCartRestAPI\Persistence\Persistence.csproj", "{6DF4E805-795C-43AC-9DF1-DF95F88C2F0B}"
EndProject
Project("{2150E333-8FDC-42A3-9474-1A3956D46DE8}") = "Prentation", "Prentation", "{64B66283-399A-44E7-8BDF-D39C27EB92FB}"
EndProject
Project("{FAE04EC0-301F-11D3-BF4B-00C04F79EFBC}") = "ShoppingCartRestAPI", "ShoppingCartRestAPI\ShoppingCartRestAPI\ShoppingCartRestAPI.csproj", "{8C290142-6FD3-464A-A2C0-2E3E58C21B9B}"
EndProject
Project("{2150E333-8FDC-42A3-9474-1A3956D46DE8}") = "Tests", "Tests", "{A9BC110D-FB2F-4C20-A80D-40A5EF77FFED}"
EndProject
Project("{FAE04EC0-301F-11D3-BF4B-00C04F79EFBC}") = "Domain.UnitTests", "ShoppingCartRestAPI\Domain.UnitTests\Domain.UnitTests.csproj", "{0838DD9C-AD1F-4331-8E7B-E406EAEF8761}"
EndProject
Project("{2150E333-8FDC-42A3-9474-1A3956D46DE8}") = "ProductCatalog", "ProductCatalog", "{E166848C-405B-45A2-AD45-219E776A85B0}"
EndProject
Project("{2150E333-8FDC-42A3-9474-1A3956D46DE8}") = "Core", "Core", "{EC6DDA08-D997-4A81-84FD-D081E337A426}"
EndProject
Project("{2150E333-8FDC-42A3-9474-1A3956D46DE8}") = "Infrastructure", "Infrastructure", "{CE1F83DE-8672-45E3-B488-F1E5EE64BAFA}"
EndProject
Project("{2150E333-8FDC-42A3-9474-1A3956D46DE8}") = "Presentation", "Presentation", "{36718098-8E4A-42AF-B706-58A3C0414089}"
EndProject
Project("{2150E333-8FDC-42A3-9474-1A3956D46DE8}") = "Tests", "Tests", "{F1D8C477-3F09-4DA2-95AD-52C6BA7C2A40}"
EndProject
Project("{FAE04EC0-301F-11D3-BF4B-00C04F79EFBC}") = "ProductDomain", "CatalogRestAPI\Domain\ProductDomain.csproj", "{8082F9B2-0CEB-4962-81D1-5E372E9B1925}"
EndProject
Project("{2150E333-8FDC-42A3-9474-1A3956D46DE8}") = "Common", "Common", "{B63579BE-33E4-4A71-8745-FD14EC0A160D}"
EndProject
Project("{FAE04EC0-301F-11D3-BF4B-00C04F79EFBC}") = "HelperUtils", "CatalogRestAPI\HelperUtils\HelperUtils.csproj", "{610FBD5C-2205-42EF-B3A9-5C8F0CFEEF64}"
EndProject
Project("{FAE04EC0-301F-11D3-BF4B-00C04F79EFBC}") = "Application", "CatalogRestAPI\Application\Application.csproj", "{C45C6D40-06CD-499D-8AF7-1C64202AD78C}"
EndProject
Project("{FAE04EC0-301F-11D3-BF4B-00C04F79EFBC}") = "Persistence", "CatalogRestAPI\Persistence\Persistence.csproj", "{77BBE26C-F929-432E-B318-0C7F746C7467}"
EndProject
Project("{FAE04EC0-301F-11D3-BF4B-00C04F79EFBC}") = "CatalogRestAPI", "CatalogRestAPI\CatalogRestAPI\CatalogRestAPI.csproj", "{61BBFE9E-3E30-4CC0-8992-1A252BBBD8AE}"
EndProject
Project("{FAE04EC0-301F-11D3-BF4B-00C04F79EFBC}") = "CatalogMessageBroker", "CatalogRestAPI\CatalogMessageBroker\CatalogMessageBroker.csproj", "{49AF2C3B-81DE-4AD5-BCD2-59E988D726F3}"
EndProject
Project("{FAE04EC0-301F-11D3-BF4B-00C04F79EFBC}") = "CartMessageBroker", "ShoppingCartRestAPI\CartMessageBroker\CartMessageBroker.csproj", "{455DEF4A-C9C2-472C-AF82-4559641EF963}"
EndProject
Project("{2150E333-8FDC-42A3-9474-1A3956D46DE8}") = "AzureMessageBroker", "AzureMessageBroker", "{1993C8CE-48A5-42D4-BE9F-4914277E1D40}"
EndProject
Project("{FAE04EC0-301F-11D3-BF4B-00C04F79EFBC}") = "AzureMessageBroker", "MessageBroker\AzureMessageBroker\AzureMessageBroker.csproj", "{F3D35F23-D1E5-4CE4-95A4-AC8CD8509907}"
EndProject
Project("{2150E333-8FDC-42A3-9474-1A3956D46DE8}") = "DockerNotes", "DockerNotes", "{0EC759AA-9A0D-4C0E-B228-A25C18267DC6}"
	ProjectSection(SolutionItems) = preProject
		DockerNotes\DockerNotes.txt = DockerNotes\DockerNotes.txt
	EndProjectSection
EndProject
Global
	GlobalSection(SolutionConfigurationPlatforms) = preSolution
		Debug|Any CPU = Debug|Any CPU
		Release|Any CPU = Release|Any CPU
	EndGlobalSection
	GlobalSection(ProjectConfigurationPlatforms) = postSolution
		{715AF26A-AE53-40B9-9862-7137ABF58E2C}.Debug|Any CPU.ActiveCfg = Debug|Any CPU
		{715AF26A-AE53-40B9-9862-7137ABF58E2C}.Debug|Any CPU.Build.0 = Debug|Any CPU
		{715AF26A-AE53-40B9-9862-7137ABF58E2C}.Release|Any CPU.ActiveCfg = Release|Any CPU
		{715AF26A-AE53-40B9-9862-7137ABF58E2C}.Release|Any CPU.Build.0 = Release|Any CPU
		{B442B305-0014-44E1-BB75-F13787DC1281}.Debug|Any CPU.ActiveCfg = Debug|Any CPU
		{B442B305-0014-44E1-BB75-F13787DC1281}.Debug|Any CPU.Build.0 = Debug|Any CPU
		{B442B305-0014-44E1-BB75-F13787DC1281}.Release|Any CPU.ActiveCfg = Release|Any CPU
		{B442B305-0014-44E1-BB75-F13787DC1281}.Release|Any CPU.Build.0 = Release|Any CPU
		{6DF4E805-795C-43AC-9DF1-DF95F88C2F0B}.Debug|Any CPU.ActiveCfg = Debug|Any CPU
		{6DF4E805-795C-43AC-9DF1-DF95F88C2F0B}.Debug|Any CPU.Build.0 = Debug|Any CPU
		{6DF4E805-795C-43AC-9DF1-DF95F88C2F0B}.Release|Any CPU.ActiveCfg = Release|Any CPU
		{6DF4E805-795C-43AC-9DF1-DF95F88C2F0B}.Release|Any CPU.Build.0 = Release|Any CPU
		{8C290142-6FD3-464A-A2C0-2E3E58C21B9B}.Debug|Any CPU.ActiveCfg = Debug|Any CPU
		{8C290142-6FD3-464A-A2C0-2E3E58C21B9B}.Debug|Any CPU.Build.0 = Debug|Any CPU
		{8C290142-6FD3-464A-A2C0-2E3E58C21B9B}.Release|Any CPU.ActiveCfg = Release|Any CPU
		{8C290142-6FD3-464A-A2C0-2E3E58C21B9B}.Release|Any CPU.Build.0 = Release|Any CPU
		{0838DD9C-AD1F-4331-8E7B-E406EAEF8761}.Debug|Any CPU.ActiveCfg = Debug|Any CPU
		{0838DD9C-AD1F-4331-8E7B-E406EAEF8761}.Debug|Any CPU.Build.0 = Debug|Any CPU
		{0838DD9C-AD1F-4331-8E7B-E406EAEF8761}.Release|Any CPU.ActiveCfg = Release|Any CPU
		{0838DD9C-AD1F-4331-8E7B-E406EAEF8761}.Release|Any CPU.Build.0 = Release|Any CPU
		{8082F9B2-0CEB-4962-81D1-5E372E9B1925}.Debug|Any CPU.ActiveCfg = Debug|Any CPU
		{8082F9B2-0CEB-4962-81D1-5E372E9B1925}.Debug|Any CPU.Build.0 = Debug|Any CPU
		{8082F9B2-0CEB-4962-81D1-5E372E9B1925}.Release|Any CPU.ActiveCfg = Release|Any CPU
		{8082F9B2-0CEB-4962-81D1-5E372E9B1925}.Release|Any CPU.Build.0 = Release|Any CPU
		{610FBD5C-2205-42EF-B3A9-5C8F0CFEEF64}.Debug|Any CPU.ActiveCfg = Debug|Any CPU
		{610FBD5C-2205-42EF-B3A9-5C8F0CFEEF64}.Debug|Any CPU.Build.0 = Debug|Any CPU
		{610FBD5C-2205-42EF-B3A9-5C8F0CFEEF64}.Release|Any CPU.ActiveCfg = Release|Any CPU
		{610FBD5C-2205-42EF-B3A9-5C8F0CFEEF64}.Release|Any CPU.Build.0 = Release|Any CPU
		{C45C6D40-06CD-499D-8AF7-1C64202AD78C}.Debug|Any CPU.ActiveCfg = Debug|Any CPU
		{C45C6D40-06CD-499D-8AF7-1C64202AD78C}.Debug|Any CPU.Build.0 = Debug|Any CPU
		{C45C6D40-06CD-499D-8AF7-1C64202AD78C}.Release|Any CPU.ActiveCfg = Release|Any CPU
		{C45C6D40-06CD-499D-8AF7-1C64202AD78C}.Release|Any CPU.Build.0 = Release|Any CPU
		{77BBE26C-F929-432E-B318-0C7F746C7467}.Debug|Any CPU.ActiveCfg = Debug|Any CPU
		{77BBE26C-F929-432E-B318-0C7F746C7467}.Debug|Any CPU.Build.0 = Debug|Any CPU
		{77BBE26C-F929-432E-B318-0C7F746C7467}.Release|Any CPU.ActiveCfg = Release|Any CPU
		{77BBE26C-F929-432E-B318-0C7F746C7467}.Release|Any CPU.Build.0 = Release|Any CPU
		{61BBFE9E-3E30-4CC0-8992-1A252BBBD8AE}.Debug|Any CPU.ActiveCfg = Debug|Any CPU
		{61BBFE9E-3E30-4CC0-8992-1A252BBBD8AE}.Debug|Any CPU.Build.0 = Debug|Any CPU
		{61BBFE9E-3E30-4CC0-8992-1A252BBBD8AE}.Release|Any CPU.ActiveCfg = Release|Any CPU
		{61BBFE9E-3E30-4CC0-8992-1A252BBBD8AE}.Release|Any CPU.Build.0 = Release|Any CPU
		{49AF2C3B-81DE-4AD5-BCD2-59E988D726F3}.Debug|Any CPU.ActiveCfg = Debug|Any CPU
		{49AF2C3B-81DE-4AD5-BCD2-59E988D726F3}.Debug|Any CPU.Build.0 = Debug|Any CPU
		{49AF2C3B-81DE-4AD5-BCD2-59E988D726F3}.Release|Any CPU.ActiveCfg = Release|Any CPU
		{49AF2C3B-81DE-4AD5-BCD2-59E988D726F3}.Release|Any CPU.Build.0 = Release|Any CPU
		{455DEF4A-C9C2-472C-AF82-4559641EF963}.Debug|Any CPU.ActiveCfg = Debug|Any CPU
		{455DEF4A-C9C2-472C-AF82-4559641EF963}.Debug|Any CPU.Build.0 = Debug|Any CPU
		{455DEF4A-C9C2-472C-AF82-4559641EF963}.Release|Any CPU.ActiveCfg = Release|Any CPU
		{455DEF4A-C9C2-472C-AF82-4559641EF963}.Release|Any CPU.Build.0 = Release|Any CPU
		{F3D35F23-D1E5-4CE4-95A4-AC8CD8509907}.Debug|Any CPU.ActiveCfg = Debug|Any CPU
		{F3D35F23-D1E5-4CE4-95A4-AC8CD8509907}.Debug|Any CPU.Build.0 = Debug|Any CPU
		{F3D35F23-D1E5-4CE4-95A4-AC8CD8509907}.Release|Any CPU.ActiveCfg = Release|Any CPU
		{F3D35F23-D1E5-4CE4-95A4-AC8CD8509907}.Release|Any CPU.Build.0 = Release|Any CPU
	EndGlobalSection
	GlobalSection(SolutionProperties) = preSolution
		HideSolutionNode = FALSE
	EndGlobalSection
	GlobalSection(NestedProjects) = preSolution
		{86A8F100-B03F-4763-BD7F-EF983CD7D34A} = {289EAF41-9CF7-4A64-99A7-EC2B1948B69D}
		{715AF26A-AE53-40B9-9862-7137ABF58E2C} = {86A8F100-B03F-4763-BD7F-EF983CD7D34A}
		{B442B305-0014-44E1-BB75-F13787DC1281} = {86A8F100-B03F-4763-BD7F-EF983CD7D34A}
		{596A2A7E-2571-450E-B243-2A523E252639} = {289EAF41-9CF7-4A64-99A7-EC2B1948B69D}
		{6DF4E805-795C-43AC-9DF1-DF95F88C2F0B} = {596A2A7E-2571-450E-B243-2A523E252639}
		{64B66283-399A-44E7-8BDF-D39C27EB92FB} = {289EAF41-9CF7-4A64-99A7-EC2B1948B69D}
		{8C290142-6FD3-464A-A2C0-2E3E58C21B9B} = {64B66283-399A-44E7-8BDF-D39C27EB92FB}
		{A9BC110D-FB2F-4C20-A80D-40A5EF77FFED} = {289EAF41-9CF7-4A64-99A7-EC2B1948B69D}
		{0838DD9C-AD1F-4331-8E7B-E406EAEF8761} = {A9BC110D-FB2F-4C20-A80D-40A5EF77FFED}
		{EC6DDA08-D997-4A81-84FD-D081E337A426} = {E166848C-405B-45A2-AD45-219E776A85B0}
		{CE1F83DE-8672-45E3-B488-F1E5EE64BAFA} = {E166848C-405B-45A2-AD45-219E776A85B0}
		{36718098-8E4A-42AF-B706-58A3C0414089} = {E166848C-405B-45A2-AD45-219E776A85B0}
		{F1D8C477-3F09-4DA2-95AD-52C6BA7C2A40} = {E166848C-405B-45A2-AD45-219E776A85B0}
		{8082F9B2-0CEB-4962-81D1-5E372E9B1925} = {EC6DDA08-D997-4A81-84FD-D081E337A426}
		{B63579BE-33E4-4A71-8745-FD14EC0A160D} = {E166848C-405B-45A2-AD45-219E776A85B0}
		{610FBD5C-2205-42EF-B3A9-5C8F0CFEEF64} = {B63579BE-33E4-4A71-8745-FD14EC0A160D}
		{C45C6D40-06CD-499D-8AF7-1C64202AD78C} = {EC6DDA08-D997-4A81-84FD-D081E337A426}
		{77BBE26C-F929-432E-B318-0C7F746C7467} = {CE1F83DE-8672-45E3-B488-F1E5EE64BAFA}
		{61BBFE9E-3E30-4CC0-8992-1A252BBBD8AE} = {36718098-8E4A-42AF-B706-58A3C0414089}
		{49AF2C3B-81DE-4AD5-BCD2-59E988D726F3} = {CE1F83DE-8672-45E3-B488-F1E5EE64BAFA}
		{455DEF4A-C9C2-472C-AF82-4559641EF963} = {596A2A7E-2571-450E-B243-2A523E252639}
		{F3D35F23-D1E5-4CE4-95A4-AC8CD8509907} = {1993C8CE-48A5-42D4-BE9F-4914277E1D40}
	EndGlobalSection
EndGlobal
