
Microsoft Visual Studio Solution File, Format Version 12.00
# Visual Studio Version 17
VisualStudioVersion = 17.12.35527.113 d17.12
MinimumVisualStudioVersion = 10.0.40219.1
Project("{2150E333-8FDC-42A3-9474-1A3956D46DE8}") = "ShoppingCart", "ShoppingCart", "{289EAF41-9CF7-4A64-99A7-EC2B1948B69D}"
EndProject
Project("{2150E333-8FDC-42A3-9474-1A3956D46DE8}") = "Core", "Core", "{86A8F100-B03F-4763-BD7F-EF983CD7D34A}"
EndProject
Project("{FAE04EC0-301F-11D3-BF4B-00C04F79EFBC}") = "Domain", "ShoppingCartRestAPI\Domain\Domain.csproj", "{715AF26A-AE53-40B9-9862-7137ABF58E2C}"
EndProject
Project("{FAE04EC0-301F-11D3-BF4B-00C04F79EFBC}") = "Application", "ShoppingCartRestAPI\Application\Application.csproj", "{B442B305-0014-44E1-BB75-F13787DC1281}"
EndProject
Project("{2150E333-8FDC-42A3-9474-1A3956D46DE8}") = "Infrastructure", "Infrastructure", "{596A2A7E-2571-450E-B243-2A523E252639}"
EndProject
Project("{FAE04EC0-301F-11D3-BF4B-00C04F79EFBC}") = "Persistence", "ShoppingCartRestAPI\Persistence\Persistence.csproj", "{6DF4E805-795C-43AC-9DF1-DF95F88C2F0B}"
EndProject
Project("{2150E333-8FDC-42A3-9474-1A3956D46DE8}") = "Prentation", "Prentation", "{64B66283-399A-44E7-8BDF-D39C27EB92FB}"
EndProject
Project("{FAE04EC0-301F-11D3-BF4B-00C04F79EFBC}") = "ShoppingCartRestAPI", "ShoppingCartRestAPI\ShoppingCartRestAPI\ShoppingCartRestAPI.csproj", "{8C290142-6FD3-464A-A2C0-2E3E58C21B9B}"
EndProject
Project("{2150E333-8FDC-42A3-9474-1A3956D46DE8}") = "Tests", "Tests", "{A9BC110D-FB2F-4C20-A80D-40A5EF77FFED}"
EndProject
Project("{FAE04EC0-301F-11D3-BF4B-00C04F79EFBC}") = "Domain.UnitTests", "ShoppingCartRestAPI\Domain.UnitTests\Domain.UnitTests.csproj", "{0838DD9C-AD1F-4331-8E7B-E406EAEF8761}"
EndProject
Global
	GlobalSection(SolutionConfigurationPlatforms) = preSolution
		Debug|Any CPU = Debug|Any CPU
		Release|Any CPU = Release|Any CPU
	EndGlobalSection
	GlobalSection(ProjectConfigurationPlatforms) = postSolution
		{715AF26A-AE53-40B9-9862-7137ABF58E2C}.Debug|Any CPU.ActiveCfg = Debug|Any CPU
		{715AF26A-AE53-40B9-9862-7137ABF58E2C}.Debug|Any CPU.Build.0 = Debug|Any CPU
		{715AF26A-AE53-40B9-9862-7137ABF58E2C}.Release|Any CPU.ActiveCfg = Release|Any CPU
		{715AF26A-AE53-40B9-9862-7137ABF58E2C}.Release|Any CPU.Build.0 = Release|Any CPU
		{B442B305-0014-44E1-BB75-F13787DC1281}.Debug|Any CPU.ActiveCfg = Debug|Any CPU
		{B442B305-0014-44E1-BB75-F13787DC1281}.Debug|Any CPU.Build.0 = Debug|Any CPU
		{B442B305-0014-44E1-BB75-F13787DC1281}.Release|Any CPU.ActiveCfg = Release|Any CPU
		{B442B305-0014-44E1-BB75-F13787DC1281}.Release|Any CPU.Build.0 = Release|Any CPU
		{6DF4E805-795C-43AC-9DF1-DF95F88C2F0B}.Debug|Any CPU.ActiveCfg = Debug|Any CPU
		{6DF4E805-795C-43AC-9DF1-DF95F88C2F0B}.Debug|Any CPU.Build.0 = Debug|Any CPU
		{6DF4E805-795C-43AC-9DF1-DF95F88C2F0B}.Release|Any CPU.ActiveCfg = Release|Any CPU
		{6DF4E805-795C-43AC-9DF1-DF95F88C2F0B}.Release|Any CPU.Build.0 = Release|Any CPU
		{8C290142-6FD3-464A-A2C0-2E3E58C21B9B}.Debug|Any CPU.ActiveCfg = Debug|Any CPU
		{8C290142-6FD3-464A-A2C0-2E3E58C21B9B}.Debug|Any CPU.Build.0 = Debug|Any CPU
		{8C290142-6FD3-464A-A2C0-2E3E58C21B9B}.Release|Any CPU.ActiveCfg = Release|Any CPU
		{8C290142-6FD3-464A-A2C0-2E3E58C21B9B}.Release|Any CPU.Build.0 = Release|Any CPU
		{0838DD9C-AD1F-4331-8E7B-E406EAEF8761}.Debug|Any CPU.ActiveCfg = Debug|Any CPU
		{0838DD9C-AD1F-4331-8E7B-E406EAEF8761}.Debug|Any CPU.Build.0 = Debug|Any CPU
		{0838DD9C-AD1F-4331-8E7B-E406EAEF8761}.Release|Any CPU.ActiveCfg = Release|Any CPU
		{0838DD9C-AD1F-4331-8E7B-E406EAEF8761}.Release|Any CPU.Build.0 = Release|Any CPU
	EndGlobalSection
	GlobalSection(SolutionProperties) = preSolution
		HideSolutionNode = FALSE
	EndGlobalSection
	GlobalSection(NestedProjects) = preSolution
		{86A8F100-B03F-4763-BD7F-EF983CD7D34A} = {289EAF41-9CF7-4A64-99A7-EC2B1948B69D}
		{715AF26A-AE53-40B9-9862-7137ABF58E2C} = {86A8F100-B03F-4763-BD7F-EF983CD7D34A}
		{B442B305-0014-44E1-BB75-F13787DC1281} = {86A8F100-B03F-4763-BD7F-EF983CD7D34A}
		{596A2A7E-2571-450E-B243-2A523E252639} = {289EAF41-9CF7-4A64-99A7-EC2B1948B69D}
		{6DF4E805-795C-43AC-9DF1-DF95F88C2F0B} = {596A2A7E-2571-450E-B243-2A523E252639}
		{64B66283-399A-44E7-8BDF-D39C27EB92FB} = {289EAF41-9CF7-4A64-99A7-EC2B1948B69D}
		{8C290142-6FD3-464A-A2C0-2E3E58C21B9B} = {64B66283-399A-44E7-8BDF-D39C27EB92FB}
		{A9BC110D-FB2F-4C20-A80D-40A5EF77FFED} = {289EAF41-9CF7-4A64-99A7-EC2B1948B69D}
		{0838DD9C-AD1F-4331-8E7B-E406EAEF8761} = {A9BC110D-FB2F-4C20-A80D-40A5EF77FFED}
	EndGlobalSection
EndGlobal
