
Microsoft Visual Studio Solution File, Format Version 12.00
# Visual Studio Version 17
VisualStudioVersion = 17.11.35431.28
MinimumVisualStudioVersion = 10.0.40219.1
Project("{9A19103F-16F7-4668-BE54-9A1E7A4F7556}") = "CatalogRestAPI", "CatalogRestAPI\CatalogRestAPI.csproj", "{73D86F38-1219-4D9E-95C1-10A0C38AEE6F}"
EndProject
Project("{2150E333-8FDC-42A3-9474-1A3956D46DE8}") = "Core", "Core", "{29B9CC15-177C-4C1A-8955-7A87DA2E3861}"
EndProject
Project("{9A19103F-16F7-4668-BE54-9A1E7A4F7556}") = "Domain", "Domain\Domain.csproj", "{547A3A93-4BEA-4A7C-A3B8-6E76E4B1DC46}"
EndProject
Project("{9A19103F-16F7-4668-BE54-9A1E7A4F7556}") = "Application", "Application\Application.csproj", "{4D99BA63-B723-4B0A-A17E-C4E786960FAE}"
EndProject
Project("{2150E333-8FDC-42A3-9474-1A3956D46DE8}") = "Infrastructure", "Infrastructure", "{13341B8A-6CAC-4CF5-9822-5DD7596B712A}"
EndProject
Project("{9A19103F-16F7-4668-BE54-9A1E7A4F7556}") = "Persistence", "Persistence\Persistence.csproj", "{BA87D1A4-37D0-424C-8545-8A69DF719C40}"
EndProject
Project("{2150E333-8FDC-42A3-9474-1A3956D46DE8}") = "Common", "Common", "{80607864-C56B-4D9D-8100-8F53F754F3A2}"
EndProject
Project("{FAE04EC0-301F-11D3-BF4B-00C04F79EFBC}") = "HelperUtils", "HelperUtils\HelperUtils.csproj", "{8784BF2B-3460-494A-B11E-66284669651E}"
EndProject
Global
	GlobalSection(SolutionConfigurationPlatforms) = preSolution
		Debug|Any CPU = Debug|Any CPU
		Release|Any CPU = Release|Any CPU
	EndGlobalSection
	GlobalSection(ProjectConfigurationPlatforms) = postSolution
		{73D86F38-1219-4D9E-95C1-10A0C38AEE6F}.Debug|Any CPU.ActiveCfg = Debug|Any CPU
		{73D86F38-1219-4D9E-95C1-10A0C38AEE6F}.Debug|Any CPU.Build.0 = Debug|Any CPU
		{73D86F38-1219-4D9E-95C1-10A0C38AEE6F}.Release|Any CPU.ActiveCfg = Release|Any CPU
		{73D86F38-1219-4D9E-95C1-10A0C38AEE6F}.Release|Any CPU.Build.0 = Release|Any CPU
		{547A3A93-4BEA-4A7C-A3B8-6E76E4B1DC46}.Debug|Any CPU.ActiveCfg = Debug|Any CPU
		{547A3A93-4BEA-4A7C-A3B8-6E76E4B1DC46}.Debug|Any CPU.Build.0 = Debug|Any CPU
		{547A3A93-4BEA-4A7C-A3B8-6E76E4B1DC46}.Release|Any CPU.ActiveCfg = Release|Any CPU
		{547A3A93-4BEA-4A7C-A3B8-6E76E4B1DC46}.Release|Any CPU.Build.0 = Release|Any CPU
		{4D99BA63-B723-4B0A-A17E-C4E786960FAE}.Debug|Any CPU.ActiveCfg = Debug|Any CPU
		{4D99BA63-B723-4B0A-A17E-C4E786960FAE}.Debug|Any CPU.Build.0 = Debug|Any CPU
		{4D99BA63-B723-4B0A-A17E-C4E786960FAE}.Release|Any CPU.ActiveCfg = Release|Any CPU
		{4D99BA63-B723-4B0A-A17E-C4E786960FAE}.Release|Any CPU.Build.0 = Release|Any CPU
		{BA87D1A4-37D0-424C-8545-8A69DF719C40}.Debug|Any CPU.ActiveCfg = Debug|Any CPU
		{BA87D1A4-37D0-424C-8545-8A69DF719C40}.Debug|Any CPU.Build.0 = Debug|Any CPU
		{BA87D1A4-37D0-424C-8545-8A69DF719C40}.Release|Any CPU.ActiveCfg = Release|Any CPU
		{BA87D1A4-37D0-424C-8545-8A69DF719C40}.Release|Any CPU.Build.0 = Release|Any CPU
		{8784BF2B-3460-494A-B11E-66284669651E}.Debug|Any CPU.ActiveCfg = Debug|Any CPU
		{8784BF2B-3460-494A-B11E-66284669651E}.Debug|Any CPU.Build.0 = Debug|Any CPU
		{8784BF2B-3460-494A-B11E-66284669651E}.Release|Any CPU.ActiveCfg = Release|Any CPU
		{8784BF2B-3460-494A-B11E-66284669651E}.Release|Any CPU.Build.0 = Release|Any CPU
	EndGlobalSection
	GlobalSection(SolutionProperties) = preSolution
		HideSolutionNode = FALSE
	EndGlobalSection
	GlobalSection(NestedProjects) = preSolution
		{547A3A93-4BEA-4A7C-A3B8-6E76E4B1DC46} = {29B9CC15-177C-4C1A-8955-7A87DA2E3861}
		{4D99BA63-B723-4B0A-A17E-C4E786960FAE} = {29B9CC15-177C-4C1A-8955-7A87DA2E3861}
		{BA87D1A4-37D0-424C-8545-8A69DF719C40} = {13341B8A-6CAC-4CF5-9822-5DD7596B712A}
		{8784BF2B-3460-494A-B11E-66284669651E} = {80607864-C56B-4D9D-8100-8F53F754F3A2}
	EndGlobalSection
	GlobalSection(ExtensibilityGlobals) = postSolution
		SolutionGuid = {9DD54CB8-DF60-412D-B673-8589E490F349}
	EndGlobalSection
EndGlobal
